
Microsoft Visual Studio Solution File, Format Version 12.00
# Visual Studio Version 17
VisualStudioVersion = 17.14.36623.8
MinimumVisualStudioVersion = 10.0.40219.1
Project("{FAE04EC0-301F-11D3-BF4B-00C04F79EFBC}") = "stegnographyLSB", "stegnographyLSB.csproj", "{8BC67457-A83E-4B8C-BAD1-386F11D86C2B}"
EndProject
Global
	GlobalSection(SolutionConfigurationPlatforms) = preSolution
		Debug|Any CPU = Debug|Any CPU
		Release|Any CPU = Release|Any CPU
	EndGlobalSection
	GlobalSection(ProjectConfigurationPlatforms) = postSolution
		{8BC67457-A83E-4B8C-BAD1-386F11D86C2B}.Debug|Any CPU.ActiveCfg = Debug|Any CPU
		{8BC67457-A83E-4B8C-BAD1-386F11D86C2B}.Debug|Any CPU.Build.0 = Debug|Any CPU
		{8BC67457-A83E-4B8C-BAD1-386F11D86C2B}.Release|Any CPU.ActiveCfg = Release|Any CPU
	EndGlobalSection
	GlobalSection(SolutionProperties) = preSolution
		HideSolutionNode = FALSE
	EndGlobalSection
	GlobalSection(ExtensibilityGlobals) = postSolution
		SolutionGuid = {BD426577-1672-42FE-BAB9-CBB2E16EE8DB}
	EndGlobalSection
EndGlobal
